{
  "object": {
    "pins": [
      {
        "package": "MarkdownSyntax",
        "repositoryURL": "https://github.com/hebertialmeida/MarkdownSyntax",
        "state": {
          "branch": null,
          "revision": "17d7557d08adb3c184a45a3dbd4d3144db5dfda5",
          "version": "1.1.0"
        }
      },
      {
        "package": "PathKit",
        "repositoryURL": "https://github.com/kylef/PathKit.git",
        "state": {
          "branch": null,
          "revision": "73f8e9dca9b7a3078cb79128217dc8f2e585a511",
          "version": "1.0.0"
        }
      },
      {
        "package": "Spectre",
        "repositoryURL": "https://github.com/kylef/Spectre.git",
        "state": {
          "branch": null,
          "revision": "f79d4ecbf8bc4e1579fbd86c3e1d652fb6876c53",
          "version": "0.9.2"
        }
      },
      {
        "package": "Stencil",
        "repositoryURL": "https://github.com/stencilproject/Stencil",
        "state": {
          "branch": null,
          "revision": "973e190edf5d09274e4a6bc2e636c86899ed84c3",
          "version": "0.14.1"
        }
      },
      {
        "package": "cmark_gfm",
        "repositoryURL": "https://github.com/hebertialmeida/swift-cmark-gfm",
        "state": {
          "branch": null,
          "revision": "d0a8b625a499389c12fa08375e6d81d0c6f66cb4",
          "version": "1.1.1"
        }
      },
      {
        "package": "SwiftAsciidoctor",
        "repositoryURL": "https://github.com/mshibanami/SwiftAsciidoctor",
        "state": {
          "branch": null,
          "revision": "37e99e5baf2a6f4e643f322370b00fb7787f0265",
          "version": "1.0.2"
        }
      },
      {
        "package": "SwiftSoup",
        "repositoryURL": "https://github.com/scinfu/SwiftSoup",
        "state": {
          "branch": null,
          "revision": "774dc9c7213085db8aa59595e27c1cd22e428904",
          "version": "2.3.2"
        }
      },
      {
        "package": "Yaap",
        "repositoryURL": "https://github.com/hartbit/Yaap",
        "state": {
          "branch": null,
          "revision": "90011c31147671d9ebabfcfc3241df6a7fdbcb99",
          "version": "1.0.0"
        }
      }
    ]
  },
  "version": 1
}
